
Microsoft Visual Studio Solution File, Format Version 12.00
# Visual Studio Version 16
VisualStudioVersion = 16.0.29613.14
MinimumVisualStudioVersion = 10.0.40219.1
Project("{FAE04EC0-301F-11D3-BF4B-00C04F79EFBC}") = "TStat", "TStat\TStat.csproj", "{8FB008C6-A303-4089-9068-715A833A234D}"
EndProject
Global
	GlobalSection(SolutionConfigurationPlatforms) = preSolution
		Debug|Any CPU = Debug|Any CPU
		Debug|x64 = Debug|x64
		Release|Any CPU = Release|Any CPU
		Release|x64 = Release|x64
	EndGlobalSection
	GlobalSection(ProjectConfigurationPlatforms) = postSolution
		{8FB008C6-A303-4089-9068-715A833A234D}.Debug|Any CPU.ActiveCfg = Debug|Any CPU
		{8FB008C6-A303-4089-9068-715A833A234D}.Debug|Any CPU.Build.0 = Debug|Any CPU
		{8FB008C6-A303-4089-9068-715A833A234D}.Debug|x64.ActiveCfg = Debug|x64
		{8FB008C6-A303-4089-9068-715A833A234D}.Debug|x64.Build.0 = Debug|x64
		{8FB008C6-A303-4089-9068-715A833A234D}.Release|Any CPU.ActiveCfg = Release|Any CPU
		{8FB008C6-A303-4089-9068-715A833A234D}.Release|Any CPU.Build.0 = Release|Any CPU
		{8FB008C6-A303-4089-9068-715A833A234D}.Release|x64.ActiveCfg = Release|Any CPU
		{8FB008C6-A303-4089-9068-715A833A234D}.Release|x64.Build.0 = Release|Any CPU
	EndGlobalSection
	GlobalSection(SolutionProperties) = preSolution
		HideSolutionNode = FALSE
	EndGlobalSection
	GlobalSection(ExtensibilityGlobals) = postSolution
		SolutionGuid = {06BB568B-B831-456D-B0AC-C140E6BBE867}
	EndGlobalSection
EndGlobal
